
Microsoft Visual Studio Solution File, Format Version 12.00
# Visual Studio Version 17
VisualStudioVersion = 17.14.36915.13 d17.14
MinimumVisualStudioVersion = 10.0.40219.1
Project("{FAE04EC0-301F-11D3-BF4B-00C04F79EFBC}") = "Tarea2WebApi", "Tarea2WebApi.csproj", "{367675F6-1E51-427C-B909-F28D18D35A52}"
EndProject
Global
	GlobalSection(SolutionConfigurationPlatforms) = preSolution
		Debug|Any CPU = Debug|Any CPU
		Release|Any CPU = Release|Any CPU
	EndGlobalSection
	GlobalSection(ProjectConfigurationPlatforms) = postSolution
		{367675F6-1E51-427C-B909-F28D18D35A52}.Debug|Any CPU.ActiveCfg = Debug|Any CPU
		{367675F6-1E51-427C-B909-F28D18D35A52}.Debug|Any CPU.Build.0 = Debug|Any CPU
		{367675F6-1E51-427C-B909-F28D18D35A52}.Release|Any CPU.ActiveCfg = Release|Any CPU
		{367675F6-1E51-427C-B909-F28D18D35A52}.Release|Any CPU.Build.0 = Release|Any CPU
	EndGlobalSection
	GlobalSection(SolutionProperties) = preSolution
		HideSolutionNode = FALSE
	EndGlobalSection
	GlobalSection(ExtensibilityGlobals) = postSolution
		SolutionGuid = {636E6910-87C2-4FC7-A476-0FCE128CB0BC}
	EndGlobalSection
EndGlobal
