
Microsoft Visual Studio Solution File, Format Version 12.00
# Visual Studio Version 17
VisualStudioVersion = 17.14.36518.9 d17.14
MinimumVisualStudioVersion = 10.0.40219.1
Project("{FAE04EC0-301F-11D3-BF4B-00C04F79EFBC}") = "Tarea1", "Tarea1\Tarea1.csproj", "{D772C902-6BD1-4EA2-A7B1-DE017B005C15}"
EndProject
Global
	GlobalSection(SolutionConfigurationPlatforms) = preSolution
		Debug|Any CPU = Debug|Any CPU
		Release|Any CPU = Release|Any CPU
	EndGlobalSection
	GlobalSection(ProjectConfigurationPlatforms) = postSolution
		{D772C902-6BD1-4EA2-A7B1-DE017B005C15}.Debug|Any CPU.ActiveCfg = Debug|Any CPU
		{D772C902-6BD1-4EA2-A7B1-DE017B005C15}.Debug|Any CPU.Build.0 = Debug|Any CPU
		{D772C902-6BD1-4EA2-A7B1-DE017B005C15}.Release|Any CPU.ActiveCfg = Release|Any CPU
		{D772C902-6BD1-4EA2-A7B1-DE017B005C15}.Release|Any CPU.Build.0 = Release|Any CPU
	EndGlobalSection
	GlobalSection(SolutionProperties) = preSolution
		HideSolutionNode = FALSE
	EndGlobalSection
	GlobalSection(ExtensibilityGlobals) = postSolution
		SolutionGuid = {295B444F-2C9F-4709-8CE8-D0A589CA6DBE}
	EndGlobalSection
EndGlobal
